
Microsoft Visual Studio Solution File, Format Version 12.00
# Visual Studio Version 16
VisualStudioVersion = 16.0.30204.135
MinimumVisualStudioVersion = 10.0.40219.1
Project("{FAE04EC0-301F-11D3-BF4B-00C04F79EFBC}") = "SkillsTracker", "SkillsTracker.csproj", "{609C04CB-E5AA-464A-8BAC-ADFFCB91A500}"
EndProject
Global
	GlobalSection(SolutionConfigurationPlatforms) = preSolution
		Debug|Any CPU = Debug|Any CPU
		Release|Any CPU = Release|Any CPU
	EndGlobalSection
	GlobalSection(ProjectConfigurationPlatforms) = postSolution
		{609C04CB-E5AA-464A-8BAC-ADFFCB91A500}.Debug|Any CPU.ActiveCfg = Debug|Any CPU
		{609C04CB-E5AA-464A-8BAC-ADFFCB91A500}.Debug|Any CPU.Build.0 = Debug|Any CPU
		{609C04CB-E5AA-464A-8BAC-ADFFCB91A500}.Release|Any CPU.ActiveCfg = Release|Any CPU
		{609C04CB-E5AA-464A-8BAC-ADFFCB91A500}.Release|Any CPU.Build.0 = Release|Any CPU
	EndGlobalSection
	GlobalSection(SolutionProperties) = preSolution
		HideSolutionNode = FALSE
	EndGlobalSection
	GlobalSection(ExtensibilityGlobals) = postSolution
		SolutionGuid = {41FE6B54-3653-46D2-BEFE-9A6A9BB33A82}
	EndGlobalSection
EndGlobal
